
Microsoft Visual Studio Solution File, Format Version 12.00
# Visual Studio Version 16
VisualStudioVersion = 16.0.29806.167
MinimumVisualStudioVersion = 10.0.40219.1
Project("{FAE04EC0-301F-11D3-BF4B-00C04F79EFBC}") = "exam1", "exam1\exam1.csproj", "{BE5BC905-FB45-4E2A-AA55-AF07FE9392D4}"
EndProject
Global
	GlobalSection(SolutionConfigurationPlatforms) = preSolution
		Debug|Any CPU = Debug|Any CPU
		Release|Any CPU = Release|Any CPU
	EndGlobalSection
	GlobalSection(ProjectConfigurationPlatforms) = postSolution
		{BE5BC905-FB45-4E2A-AA55-AF07FE9392D4}.Debug|Any CPU.ActiveCfg = Debug|Any CPU
		{BE5BC905-FB45-4E2A-AA55-AF07FE9392D4}.Debug|Any CPU.Build.0 = Debug|Any CPU
		{BE5BC905-FB45-4E2A-AA55-AF07FE9392D4}.Release|Any CPU.ActiveCfg = Release|Any CPU
		{BE5BC905-FB45-4E2A-AA55-AF07FE9392D4}.Release|Any CPU.Build.0 = Release|Any CPU
	EndGlobalSection
	GlobalSection(SolutionProperties) = preSolution
		HideSolutionNode = FALSE
	EndGlobalSection
	GlobalSection(ExtensibilityGlobals) = postSolution
		SolutionGuid = {FBA5BEA8-E54D-4E91-BB99-2B6728627353}
	EndGlobalSection
EndGlobal
